// !$*UTF8*$!
{
	archiveVersion = 1;
	classes = {
	};
	objectVersion = 56;
	objects = {

/* Begin PBXBuildFile section */
		190228B12AC4630D00A544DD /* ColorExtension.swift in Sources */ = {isa = PBXBuildFile; fileRef = 190228B02AC4630D00A544DD /* ColorExtension.swift */; };
		191497AA2AB061B3003C5842 /* SetCurrencyView.swift in Sources */ = {isa = PBXBuildFile; fileRef = 191497A92AB061B3003C5842 /* SetCurrencyView.swift */; };
		1933615A2ABF016500E697A8 /* UserViewModel.swift in Sources */ = {isa = PBXBuildFile; fileRef = 193361592ABF016500E697A8 /* UserViewModel.swift */; };
		1933615D2ABF214800E697A8 /* CurrencyViewModel.swift in Sources */ = {isa = PBXBuildFile; fileRef = 1933615C2ABF214800E697A8 /* CurrencyViewModel.swift */; };
		195E50B32A9FBF4B000FEBEB /* Spend_SmartApp.swift in Sources */ = {isa = PBXBuildFile; fileRef = 195E50B22A9FBF4B000FEBEB /* Spend_SmartApp.swift */; };
		195E50B52A9FBF4B000FEBEB /* ContentView.swift in Sources */ = {isa = PBXBuildFile; fileRef = 195E50B42A9FBF4B000FEBEB /* ContentView.swift */; };
		195E50B72A9FBF4D000FEBEB /* Assets.xcassets in Resources */ = {isa = PBXBuildFile; fileRef = 195E50B62A9FBF4D000FEBEB /* Assets.xcassets */; };
		195E50BA2A9FBF4D000FEBEB /* Preview Assets.xcassets in Resources */ = {isa = PBXBuildFile; fileRef = 195E50B92A9FBF4D000FEBEB /* Preview Assets.xcassets */; };
		195E50C52A9FD05A000FEBEB /* SplashView.swift in Sources */ = {isa = PBXBuildFile; fileRef = 195E50C42A9FD05A000FEBEB /* SplashView.swift */; };
		195E50C82AA1AD2B000FEBEB /* Kingfisher in Frameworks */ = {isa = PBXBuildFile; productRef = 195E50C72AA1AD2B000FEBEB /* Kingfisher */; };
		195E50CA2AA1B565000FEBEB /* StartUpView.swift in Sources */ = {isa = PBXBuildFile; fileRef = 195E50C92AA1B565000FEBEB /* StartUpView.swift */; };
		1969F79C2AB777F4004891FD /* CategoriesView.swift in Sources */ = {isa = PBXBuildFile; fileRef = 1969F79B2AB777F4004891FD /* CategoriesView.swift */; };
		1969F79E2AB7781E004891FD /* SettingsView.swift in Sources */ = {isa = PBXBuildFile; fileRef = 1969F79D2AB7781E004891FD /* SettingsView.swift */; };
		1969F7A22ABABE3D004891FD /* AddExpenseView.swift in Sources */ = {isa = PBXBuildFile; fileRef = 1969F7A12ABABE3D004891FD /* AddExpenseView.swift */; };
		1969F7A72ABB8718004891FD /* UserModel.swift in Sources */ = {isa = PBXBuildFile; fileRef = 1969F7A62ABB8718004891FD /* UserModel.swift */; };
		1970ABDF2AB4D66C00F74E23 /* HomeView.swift in Sources */ = {isa = PBXBuildFile; fileRef = 1970ABDE2AB4D66C00F74E23 /* HomeView.swift */; };
		1970ABE32AB4D72900F74E23 /* DashboardView.swift in Sources */ = {isa = PBXBuildFile; fileRef = 1970ABE22AB4D72900F74E23 /* DashboardView.swift */; };
		19943A042ABCD4E300C084A1 /* GoogleService-Info.plist in Resources */ = {isa = PBXBuildFile; fileRef = 19943A032ABCD4E300C084A1 /* GoogleService-Info.plist */; };
		19943A072ABCD65800C084A1 /* FirebaseAuth in Frameworks */ = {isa = PBXBuildFile; productRef = 19943A062ABCD65800C084A1 /* FirebaseAuth */; };
		19943A092ABCD65800C084A1 /* FirebaseFirestore in Frameworks */ = {isa = PBXBuildFile; productRef = 19943A082ABCD65800C084A1 /* FirebaseFirestore */; };
		19943A0B2ABCD65800C084A1 /* FirebaseFirestoreSwift in Frameworks */ = {isa = PBXBuildFile; productRef = 19943A0A2ABCD65800C084A1 /* FirebaseFirestoreSwift */; };
		19943A0D2ABCD65800C084A1 /* FirebaseStorage in Frameworks */ = {isa = PBXBuildFile; productRef = 19943A0C2ABCD65800C084A1 /* FirebaseStorage */; };
		19A15ABE2AC05E3F00403B79 /* CategoryViewModel.swift in Sources */ = {isa = PBXBuildFile; fileRef = 19A15ABD2AC05E3F00403B79 /* CategoryViewModel.swift */; };
		19A15AC02AC05ECA00403B79 /* CategoryModel.swift in Sources */ = {isa = PBXBuildFile; fileRef = 19A15ABF2AC05EC900403B79 /* CategoryModel.swift */; };
		19BCD5432AAAF2FE000DA130 /* CreateAccountView.swift in Sources */ = {isa = PBXBuildFile; fileRef = 19BCD5422AAAF2FE000DA130 /* CreateAccountView.swift */; };
		19BCD5452AAAF336000DA130 /* LoginView.swift in Sources */ = {isa = PBXBuildFile; fileRef = 19BCD5442AAAF336000DA130 /* LoginView.swift */; };
		19BCD54A2AAB162C000DA130 /* InputView.swift in Sources */ = {isa = PBXBuildFile; fileRef = 19BCD5492AAB162C000DA130 /* InputView.swift */; };
/* End PBXBuildFile section */

/* Begin PBXFileReference section */
		190228B02AC4630D00A544DD /* ColorExtension.swift */ = {isa = PBXFileReference; lastKnownFileType = sourcecode.swift; path = ColorExtension.swift; sourceTree = "<group>"; };
		191497A92AB061B3003C5842 /* SetCurrencyView.swift */ = {isa = PBXFileReference; lastKnownFileType = sourcecode.swift; path = SetCurrencyView.swift; sourceTree = "<group>"; };
		193361592ABF016500E697A8 /* UserViewModel.swift */ = {isa = PBXFileReference; lastKnownFileType = sourcecode.swift; path = UserViewModel.swift; sourceTree = "<group>"; };
		1933615C2ABF214800E697A8 /* CurrencyViewModel.swift */ = {isa = PBXFileReference; lastKnownFileType = sourcecode.swift; path = CurrencyViewModel.swift; sourceTree = "<group>"; };
		195E50AF2A9FBF4B000FEBEB /* Spend Smart.app */ = {isa = PBXFileReference; explicitFileType = wrapper.application; includeInIndex = 0; path = "Spend Smart.app"; sourceTree = BUILT_PRODUCTS_DIR; };
		195E50B22A9FBF4B000FEBEB /* Spend_SmartApp.swift */ = {isa = PBXFileReference; lastKnownFileType = sourcecode.swift; path = Spend_SmartApp.swift; sourceTree = "<group>"; };
		195E50B42A9FBF4B000FEBEB /* ContentView.swift */ = {isa = PBXFileReference; lastKnownFileType = sourcecode.swift; path = ContentView.swift; sourceTree = "<group>"; };
		195E50B62A9FBF4D000FEBEB /* Assets.xcassets */ = {isa = PBXFileReference; lastKnownFileType = folder.assetcatalog; path = Assets.xcassets; sourceTree = "<group>"; };
		195E50B92A9FBF4D000FEBEB /* Preview Assets.xcassets */ = {isa = PBXFileReference; lastKnownFileType = folder.assetcatalog; path = "Preview Assets.xcassets"; sourceTree = "<group>"; };
		195E50C42A9FD05A000FEBEB /* SplashView.swift */ = {isa = PBXFileReference; lastKnownFileType = sourcecode.swift; path = SplashView.swift; sourceTree = "<group>"; };
		195E50C92AA1B565000FEBEB /* StartUpView.swift */ = {isa = PBXFileReference; lastKnownFileType = sourcecode.swift; path = StartUpView.swift; sourceTree = "<group>"; };
		1969F79B2AB777F4004891FD /* CategoriesView.swift */ = {isa = PBXFileReference; lastKnownFileType = sourcecode.swift; path = CategoriesView.swift; sourceTree = "<group>"; };
		1969F79D2AB7781E004891FD /* SettingsView.swift */ = {isa = PBXFileReference; lastKnownFileType = sourcecode.swift; path = SettingsView.swift; sourceTree = "<group>"; };
		1969F7A12ABABE3D004891FD /* AddExpenseView.swift */ = {isa = PBXFileReference; lastKnownFileType = sourcecode.swift; path = AddExpenseView.swift; sourceTree = "<group>"; };
		1969F7A62ABB8718004891FD /* UserModel.swift */ = {isa = PBXFileReference; lastKnownFileType = sourcecode.swift; path = UserModel.swift; sourceTree = "<group>"; };
		1970ABDE2AB4D66C00F74E23 /* HomeView.swift */ = {isa = PBXFileReference; lastKnownFileType = sourcecode.swift; path = HomeView.swift; sourceTree = "<group>"; };
		1970ABE22AB4D72900F74E23 /* DashboardView.swift */ = {isa = PBXFileReference; lastKnownFileType = sourcecode.swift; path = DashboardView.swift; sourceTree = "<group>"; };
		19943A032ABCD4E300C084A1 /* GoogleService-Info.plist */ = {isa = PBXFileReference; fileEncoding = 4; lastKnownFileType = text.plist.xml; path = "GoogleService-Info.plist"; sourceTree = "<group>"; };
		19A15ABD2AC05E3F00403B79 /* CategoryViewModel.swift */ = {isa = PBXFileReference; lastKnownFileType = sourcecode.swift; path = CategoryViewModel.swift; sourceTree = "<group>"; };
		19A15ABF2AC05EC900403B79 /* CategoryModel.swift */ = {isa = PBXFileReference; lastKnownFileType = sourcecode.swift; path = CategoryModel.swift; sourceTree = "<group>"; };
		19BCD5422AAAF2FE000DA130 /* CreateAccountView.swift */ = {isa = PBXFileReference; lastKnownFileType = sourcecode.swift; path = CreateAccountView.swift; sourceTree = "<group>"; };
		19BCD5442AAAF336000DA130 /* LoginView.swift */ = {isa = PBXFileReference; lastKnownFileType = sourcecode.swift; path = LoginView.swift; sourceTree = "<group>"; };
		19BCD5492AAB162C000DA130 /* InputView.swift */ = {isa = PBXFileReference; lastKnownFileType = sourcecode.swift; path = InputView.swift; sourceTree = "<group>"; };
/* End PBXFileReference section */

/* Begin PBXFrameworksBuildPhase section */
		195E50AC2A9FBF4B000FEBEB /* Frameworks */ = {
			isa = PBXFrameworksBuildPhase;
			buildActionMask = 2147483647;
			files = (
				195E50C82AA1AD2B000FEBEB /* Kingfisher in Frameworks */,
				19943A072ABCD65800C084A1 /* FirebaseAuth in Frameworks */,
				19943A092ABCD65800C084A1 /* FirebaseFirestore in Frameworks */,
				19943A0D2ABCD65800C084A1 /* FirebaseStorage in Frameworks */,
				19943A0B2ABCD65800C084A1 /* FirebaseFirestoreSwift in Frameworks */,
			);
			runOnlyForDeploymentPostprocessing = 0;
		};
/* End PBXFrameworksBuildPhase section */

/* Begin PBXGroup section */
		190228AF2AC462ED00A544DD /* Extension */ = {
			isa = PBXGroup;
			children = (
				190228B02AC4630D00A544DD /* ColorExtension.swift */,
			);
			path = Extension;
			sourceTree = "<group>";
		};
		1933615B2ABF1CB200E697A8 /* Constants */ = {
			isa = PBXGroup;
			children = (
			);
			path = Constants;
			sourceTree = "<group>";
		};
		195E50A62A9FBF4B000FEBEB = {
			isa = PBXGroup;
			children = (
				19943A032ABCD4E300C084A1 /* GoogleService-Info.plist */,
				195E50B12A9FBF4B000FEBEB /* Spend Smart */,
				195E50B02A9FBF4B000FEBEB /* Products */,
			);
			sourceTree = "<group>";
		};
		195E50B02A9FBF4B000FEBEB /* Products */ = {
			isa = PBXGroup;
			children = (
				195E50AF2A9FBF4B000FEBEB /* Spend Smart.app */,
			);
			name = Products;
			sourceTree = "<group>";
		};
		195E50B12A9FBF4B000FEBEB /* Spend Smart */ = {
			isa = PBXGroup;
			children = (
				190228AF2AC462ED00A544DD /* Extension */,
				1933615B2ABF1CB200E697A8 /* Constants */,
				19BCD5482AAB06F1000DA130 /* Components */,
				195E50C22A9FCFEB000FEBEB /* Views */,
				195E50C12A9FCFCB000FEBEB /* ViewModel */,
				195E50C02A9FCFB0000FEBEB /* Model */,
				195E50B22A9FBF4B000FEBEB /* Spend_SmartApp.swift */,
				195E50B42A9FBF4B000FEBEB /* ContentView.swift */,
				195E50B62A9FBF4D000FEBEB /* Assets.xcassets */,
				195E50B82A9FBF4D000FEBEB /* Preview Content */,
			);
			path = "Spend Smart";
			sourceTree = "<group>";
		};
		195E50B82A9FBF4D000FEBEB /* Preview Content */ = {
			isa = PBXGroup;
			children = (
				195E50B92A9FBF4D000FEBEB /* Preview Assets.xcassets */,
			);
			path = "Preview Content";
			sourceTree = "<group>";
		};
		195E50C02A9FCFB0000FEBEB /* Model */ = {
			isa = PBXGroup;
			children = (
				1969F7A62ABB8718004891FD /* UserModel.swift */,
				19A15ABF2AC05EC900403B79 /* CategoryModel.swift */,
			);
			path = Model;
			sourceTree = "<group>";
		};
		195E50C12A9FCFCB000FEBEB /* ViewModel */ = {
			isa = PBXGroup;
			children = (
				193361592ABF016500E697A8 /* UserViewModel.swift */,
				1933615C2ABF214800E697A8 /* CurrencyViewModel.swift */,
				19A15ABD2AC05E3F00403B79 /* CategoryViewModel.swift */,
			);
			path = ViewModel;
			sourceTree = "<group>";
		};
		195E50C22A9FCFEB000FEBEB /* Views */ = {
			isa = PBXGroup;
			children = (
				1970ABDD2AB4D65200F74E23 /* Dashboard */,
				195E50C32A9FD021000FEBEB /* Onboarding */,
			);
			path = Views;
			sourceTree = "<group>";
		};
		195E50C32A9FD021000FEBEB /* Onboarding */ = {
			isa = PBXGroup;
			children = (
				195E50C42A9FD05A000FEBEB /* SplashView.swift */,
				195E50C92AA1B565000FEBEB /* StartUpView.swift */,
				19BCD5422AAAF2FE000DA130 /* CreateAccountView.swift */,
				19BCD5442AAAF336000DA130 /* LoginView.swift */,
				191497A92AB061B3003C5842 /* SetCurrencyView.swift */,
			);
			path = Onboarding;
			sourceTree = "<group>";
		};
		1970ABDD2AB4D65200F74E23 /* Dashboard */ = {
			isa = PBXGroup;
			children = (
				1970ABDE2AB4D66C00F74E23 /* HomeView.swift */,
				1970ABE22AB4D72900F74E23 /* DashboardView.swift */,
				1969F79B2AB777F4004891FD /* CategoriesView.swift */,
				1969F79D2AB7781E004891FD /* SettingsView.swift */,
				1969F7A12ABABE3D004891FD /* AddExpenseView.swift */,
			);
			path = Dashboard;
			sourceTree = "<group>";
		};
		19BCD5482AAB06F1000DA130 /* Components */ = {
			isa = PBXGroup;
			children = (
				19BCD5492AAB162C000DA130 /* InputView.swift */,
			);
			path = Components;
			sourceTree = "<group>";
		};
/* End PBXGroup section */

/* Begin PBXNativeTarget section */
		195E50AE2A9FBF4B000FEBEB /* Spend Smart */ = {
			isa = PBXNativeTarget;
			buildConfigurationList = 195E50BD2A9FBF4D000FEBEB /* Build configuration list for PBXNativeTarget "Spend Smart" */;
			buildPhases = (
				195E50AB2A9FBF4B000FEBEB /* Sources */,
				195E50AC2A9FBF4B000FEBEB /* Frameworks */,
				195E50AD2A9FBF4B000FEBEB /* Resources */,
			);
			buildRules = (
			);
			dependencies = (
			);
			name = "Spend Smart";
			packageProductDependencies = (
				195E50C72AA1AD2B000FEBEB /* Kingfisher */,
				19943A062ABCD65800C084A1 /* FirebaseAuth */,
				19943A082ABCD65800C084A1 /* FirebaseFirestore */,
				19943A0A2ABCD65800C084A1 /* FirebaseFirestoreSwift */,
				19943A0C2ABCD65800C084A1 /* FirebaseStorage */,
			);
			productName = "Spend Smart";
			productReference = 195E50AF2A9FBF4B000FEBEB /* Spend Smart.app */;
			productType = "com.apple.product-type.application";
		};
/* End PBXNativeTarget section */

/* Begin PBXProject section */
		195E50A72A9FBF4B000FEBEB /* Project object */ = {
			isa = PBXProject;
			attributes = {
				BuildIndependentTargetsInParallel = 1;
				LastSwiftUpdateCheck = 1430;
				LastUpgradeCheck = 1430;
				TargetAttributes = {
					195E50AE2A9FBF4B000FEBEB = {
						CreatedOnToolsVersion = 14.3;
					};
				};
			};
			buildConfigurationList = 195E50AA2A9FBF4B000FEBEB /* Build configuration list for PBXProject "Spend Smart" */;
			compatibilityVersion = "Xcode 14.0";
			developmentRegion = en;
			hasScannedForEncodings = 0;
			knownRegions = (
				en,
				Base,
			);
			mainGroup = 195E50A62A9FBF4B000FEBEB;
			packageReferences = (
				195E50C62AA1AD2B000FEBEB /* XCRemoteSwiftPackageReference "Kingfisher" */,
				19943A052ABCD65800C084A1 /* XCRemoteSwiftPackageReference "firebase-ios-sdk" */,
			);
			productRefGroup = 195E50B02A9FBF4B000FEBEB /* Products */;
			projectDirPath = "";
			projectRoot = "";
			targets = (
				195E50AE2A9FBF4B000FEBEB /* Spend Smart */,
			);
		};
/* End PBXProject section */

/* Begin PBXResourcesBuildPhase section */
		195E50AD2A9FBF4B000FEBEB /* Resources */ = {
			isa = PBXResourcesBuildPhase;
			buildActionMask = 2147483647;
			files = (
				195E50BA2A9FBF4D000FEBEB /* Preview Assets.xcassets in Resources */,
				195E50B72A9FBF4D000FEBEB /* Assets.xcassets in Resources */,
				19943A042ABCD4E300C084A1 /* GoogleService-Info.plist in Resources */,
			);
			runOnlyForDeploymentPostprocessing = 0;
		};
/* End PBXResourcesBuildPhase section */

/* Begin PBXSourcesBuildPhase section */
		195E50AB2A9FBF4B000FEBEB /* Sources */ = {
			isa = PBXSourcesBuildPhase;
			buildActionMask = 2147483647;
			files = (
				19BCD5452AAAF336000DA130 /* LoginView.swift in Sources */,
				1970ABE32AB4D72900F74E23 /* DashboardView.swift in Sources */,
				191497AA2AB061B3003C5842 /* SetCurrencyView.swift in Sources */,
				195E50B52A9FBF4B000FEBEB /* ContentView.swift in Sources */,
				195E50B32A9FBF4B000FEBEB /* Spend_SmartApp.swift in Sources */,
				1969F79C2AB777F4004891FD /* CategoriesView.swift in Sources */,
				1969F79E2AB7781E004891FD /* SettingsView.swift in Sources */,
				19A15AC02AC05ECA00403B79 /* CategoryModel.swift in Sources */,
				1969F7A72ABB8718004891FD /* UserModel.swift in Sources */,
				1970ABDF2AB4D66C00F74E23 /* HomeView.swift in Sources */,
				19A15ABE2AC05E3F00403B79 /* CategoryViewModel.swift in Sources */,
				1933615D2ABF214800E697A8 /* CurrencyViewModel.swift in Sources */,
				195E50CA2AA1B565000FEBEB /* StartUpView.swift in Sources */,
				195E50C52A9FD05A000FEBEB /* SplashView.swift in Sources */,
				19BCD54A2AAB162C000DA130 /* InputView.swift in Sources */,
				1969F7A22ABABE3D004891FD /* AddExpenseView.swift in Sources */,
				1933615A2ABF016500E697A8 /* UserViewModel.swift in Sources */,
				19BCD5432AAAF2FE000DA130 /* CreateAccountView.swift in Sources */,
				190228B12AC4630D00A544DD /* ColorExtension.swift in Sources */,
			);
			runOnlyForDeploymentPostprocessing = 0;
		};
/* End PBXSourcesBuildPhase section */

/* Begin XCBuildConfiguration section */
		195E50BB2A9FBF4D000FEBEB /* Debug */ = {
			isa = XCBuildConfiguration;
			buildSettings = {
				ALWAYS_SEARCH_USER_PATHS = NO;
				CLANG_ANALYZER_NONNULL = YES;
				CLANG_ANALYZER_NUMBER_OBJECT_CONVERSION = YES_AGGRESSIVE;
				CLANG_CXX_LANGUAGE_STANDARD = "gnu++20";
				CLANG_ENABLE_MODULES = YES;
				CLANG_ENABLE_OBJC_ARC = YES;
				CLANG_ENABLE_OBJC_WEAK = YES;
				CLANG_WARN_BLOCK_CAPTURE_AUTORELEASING = YES;
				CLANG_WARN_BOOL_CONVERSION = YES;
				CLANG_WARN_COMMA = YES;
				CLANG_WARN_CONSTANT_CONVERSION = YES;
				CLANG_WARN_DEPRECATED_OBJC_IMPLEMENTATIONS = YES;
				CLANG_WARN_DIRECT_OBJC_ISA_USAGE = YES_ERROR;
				CLANG_WARN_DOCUMENTATION_COMMENTS = YES;
				CLANG_WARN_EMPTY_BODY = YES;
				CLANG_WARN_ENUM_CONVERSION = YES;
				CLANG_WARN_INFINITE_RECURSION = YES;
				CLANG_WARN_INT_CONVERSION = YES;
				CLANG_WARN_NON_LITERAL_NULL_CONVERSION = YES;
				CLANG_WARN_OBJC_IMPLICIT_RETAIN_SELF = YES;
				CLANG_WARN_OBJC_LITERAL_CONVERSION = YES;
				CLANG_WARN_OBJC_ROOT_CLASS = YES_ERROR;
				CLANG_WARN_QUOTED_INCLUDE_IN_FRAMEWORK_HEADER = YES;
				CLANG_WARN_RANGE_LOOP_ANALYSIS = YES;
				CLANG_WARN_STRICT_PROTOTYPES = YES;
				CLANG_WARN_SUSPICIOUS_MOVE = YES;
				CLANG_WARN_UNGUARDED_AVAILABILITY = YES_AGGRESSIVE;
				CLANG_WARN_UNREACHABLE_CODE = YES;
				CLANG_WARN__DUPLICATE_METHOD_MATCH = YES;
				COPY_PHASE_STRIP = NO;
				DEBUG_INFORMATION_FORMAT = dwarf;
				ENABLE_STRICT_OBJC_MSGSEND = YES;
				ENABLE_TESTABILITY = YES;
				GCC_C_LANGUAGE_STANDARD = gnu11;
				GCC_DYNAMIC_NO_PIC = NO;
				GCC_NO_COMMON_BLOCKS = YES;
				GCC_OPTIMIZATION_LEVEL = 0;
				GCC_PREPROCESSOR_DEFINITIONS = (
					"DEBUG=1",
					"$(inherited)",
				);
				GCC_WARN_64_TO_32_BIT_CONVERSION = YES;
				GCC_WARN_ABOUT_RETURN_TYPE = YES_ERROR;
				GCC_WARN_UNDECLARED_SELECTOR = YES;
				GCC_WARN_UNINITIALIZED_AUTOS = YES_AGGRESSIVE;
				GCC_WARN_UNUSED_FUNCTION = YES;
				GCC_WARN_UNUSED_VARIABLE = YES;
				IPHONEOS_DEPLOYMENT_TARGET = 16.4;
				MTL_ENABLE_DEBUG_INFO = INCLUDE_SOURCE;
				MTL_FAST_MATH = YES;
				ONLY_ACTIVE_ARCH = YES;
				SDKROOT = iphoneos;
				SWIFT_ACTIVE_COMPILATION_CONDITIONS = DEBUG;
				SWIFT_OPTIMIZATION_LEVEL = "-Onone";
			};
			name = Debug;
		};
		195E50BC2A9FBF4D000FEBEB /* Release */ = {
			isa = XCBuildConfiguration;
			buildSettings = {
				ALWAYS_SEARCH_USER_PATHS = NO;
				CLANG_ANALYZER_NONNULL = YES;
				CLANG_ANALYZER_NUMBER_OBJECT_CONVERSION = YES_AGGRESSIVE;
				CLANG_CXX_LANGUAGE_STANDARD = "gnu++20";
				CLANG_ENABLE_MODULES = YES;
				CLANG_ENABLE_OBJC_ARC = YES;
				CLANG_ENABLE_OBJC_WEAK = YES;
				CLANG_WARN_BLOCK_CAPTURE_AUTORELEASING = YES;
				CLANG_WARN_BOOL_CONVERSION = YES;
				CLANG_WARN_COMMA = YES;
				CLANG_WARN_CONSTANT_CONVERSION = YES;
				CLANG_WARN_DEPRECATED_OBJC_IMPLEMENTATIONS = YES;
				CLANG_WARN_DIRECT_OBJC_ISA_USAGE = YES_ERROR;
				CLANG_WARN_DOCUMENTATION_COMMENTS = YES;
				CLANG_WARN_EMPTY_BODY = YES;
				CLANG_WARN_ENUM_CONVERSION = YES;
				CLANG_WARN_INFINITE_RECURSION = YES;
				CLANG_WARN_INT_CONVERSION = YES;
				CLANG_WARN_NON_LITERAL_NULL_CONVERSION = YES;
				CLANG_WARN_OBJC_IMPLICIT_RETAIN_SELF = YES;
				CLANG_WARN_OBJC_LITERAL_CONVERSION = YES;
				CLANG_WARN_OBJC_ROOT_CLASS = YES_ERROR;
				CLANG_WARN_QUOTED_INCLUDE_IN_FRAMEWORK_HEADER = YES;
				CLANG_WARN_RANGE_LOOP_ANALYSIS = YES;
				CLANG_WARN_STRICT_PROTOTYPES = YES;
				CLANG_WARN_SUSPICIOUS_MOVE = YES;
				CLANG_WARN_UNGUARDED_AVAILABILITY = YES_AGGRESSIVE;
				CLANG_WARN_UNREACHABLE_CODE = YES;
				CLANG_WARN__DUPLICATE_METHOD_MATCH = YES;
				COPY_PHASE_STRIP = NO;
				DEBUG_INFORMATION_FORMAT = "dwarf-with-dsym";
				ENABLE_NS_ASSERTIONS = NO;
				ENABLE_STRICT_OBJC_MSGSEND = YES;
				GCC_C_LANGUAGE_STANDARD = gnu11;
				GCC_NO_COMMON_BLOCKS = YES;
				GCC_WARN_64_TO_32_BIT_CONVERSION = YES;
				GCC_WARN_ABOUT_RETURN_TYPE = YES_ERROR;
				GCC_WARN_UNDECLARED_SELECTOR = YES;
				GCC_WARN_UNINITIALIZED_AUTOS = YES_AGGRESSIVE;
				GCC_WARN_UNUSED_FUNCTION = YES;
				GCC_WARN_UNUSED_VARIABLE = YES;
				IPHONEOS_DEPLOYMENT_TARGET = 16.4;
				MTL_ENABLE_DEBUG_INFO = NO;
				MTL_FAST_MATH = YES;
				SDKROOT = iphoneos;
				SWIFT_COMPILATION_MODE = wholemodule;
				SWIFT_OPTIMIZATION_LEVEL = "-O";
				VALIDATE_PRODUCT = YES;
			};
			name = Release;
		};
		195E50BE2A9FBF4D000FEBEB /* Debug */ = {
			isa = XCBuildConfiguration;
			buildSettings = {
				ASSETCATALOG_COMPILER_APPICON_NAME = AppIcon;
				ASSETCATALOG_COMPILER_GLOBAL_ACCENT_COLOR_NAME = AccentColor;
				CODE_SIGN_STYLE = Automatic;
				CURRENT_PROJECT_VERSION = 1;
				DEVELOPMENT_ASSET_PATHS = "\"Spend Smart/Preview Content\"";
				DEVELOPMENT_TEAM = 99R2CMP76X;
				ENABLE_PREVIEWS = YES;
				GENERATE_INFOPLIST_FILE = YES;
				INFOPLIST_KEY_UIApplicationSceneManifest_Generation = YES;
				INFOPLIST_KEY_UIApplicationSupportsIndirectInputEvents = YES;
				INFOPLIST_KEY_UILaunchScreen_Generation = YES;
				INFOPLIST_KEY_UISupportedInterfaceOrientations_iPad = "UIInterfaceOrientationPortrait UIInterfaceOrientationPortraitUpsideDown UIInterfaceOrientationLandscapeLeft UIInterfaceOrientationLandscapeRight";
				INFOPLIST_KEY_UISupportedInterfaceOrientations_iPhone = "UIInterfaceOrientationPortrait UIInterfaceOrientationLandscapeLeft UIInterfaceOrientationLandscapeRight";
				LD_RUNPATH_SEARCH_PATHS = (
					"$(inherited)",
					"@executable_path/Frameworks",
				);
				MARKETING_VERSION = 1.0;
				PRODUCT_BUNDLE_IDENTIFIER = "sktechno.Spend-Smart";
				PRODUCT_NAME = "$(TARGET_NAME)";
				SWIFT_EMIT_LOC_STRINGS = YES;
				SWIFT_VERSION = 5.0;
				TARGETED_DEVICE_FAMILY = "1,2";
			};
			name = Debug;
		};
		195E50BF2A9FBF4D000FEBEB /* Release */ = {
			isa = XCBuildConfiguration;
			buildSettings = {
				ASSETCATALOG_COMPILER_APPICON_NAME = AppIcon;
				ASSETCATALOG_COMPILER_GLOBAL_ACCENT_COLOR_NAME = AccentColor;
				CODE_SIGN_STYLE = Automatic;
				CURRENT_PROJECT_VERSION = 1;
				DEVELOPMENT_ASSET_PATHS = "\"Spend Smart/Preview Content\"";
				DEVELOPMENT_TEAM = 99R2CMP76X;
				ENABLE_PREVIEWS = YES;
				GENERATE_INFOPLIST_FILE = YES;
				INFOPLIST_KEY_UIApplicationSceneManifest_Generation = YES;
				INFOPLIST_KEY_UIApplicationSupportsIndirectInputEvents = YES;
				INFOPLIST_KEY_UILaunchScreen_Generation = YES;
				INFOPLIST_KEY_UISupportedInterfaceOrientations_iPad = "UIInterfaceOrientationPortrait UIInterfaceOrientationPortraitUpsideDown UIInterfaceOrientationLandscapeLeft UIInterfaceOrientationLandscapeRight";
				INFOPLIST_KEY_UISupportedInterfaceOrientations_iPhone = "UIInterfaceOrientationPortrait UIInterfaceOrientationLandscapeLeft UIInterfaceOrientationLandscapeRight";
				LD_RUNPATH_SEARCH_PATHS = (
					"$(inherited)",
					"@executable_path/Frameworks",
				);
				MARKETING_VERSION = 1.0;
				PRODUCT_BUNDLE_IDENTIFIER = "sktechno.Spend-Smart";
				PRODUCT_NAME = "$(TARGET_NAME)";
				SWIFT_EMIT_LOC_STRINGS = YES;
				SWIFT_VERSION = 5.0;
				TARGETED_DEVICE_FAMILY = "1,2";
			};
			name = Release;
		};
/* End XCBuildConfiguration section */

/* Begin XCConfigurationList section */
		195E50AA2A9FBF4B000FEBEB /* Build configuration list for PBXProject "Spend Smart" */ = {
			isa = XCConfigurationList;
			buildConfigurations = (
				195E50BB2A9FBF4D000FEBEB /* Debug */,
				195E50BC2A9FBF4D000FEBEB /* Release */,
			);
			defaultConfigurationIsVisible = 0;
			defaultConfigurationName = Release;
		};
		195E50BD2A9FBF4D000FEBEB /* Build configuration list for PBXNativeTarget "Spend Smart" */ = {
			isa = XCConfigurationList;
			buildConfigurations = (
				195E50BE2A9FBF4D000FEBEB /* Debug */,
				195E50BF2A9FBF4D000FEBEB /* Release */,
			);
			defaultConfigurationIsVisible = 0;
			defaultConfigurationName = Release;
		};
/* End XCConfigurationList section */

/* Begin XCRemoteSwiftPackageReference section */
		195E50C62AA1AD2B000FEBEB /* XCRemoteSwiftPackageReference "Kingfisher" */ = {
			isa = XCRemoteSwiftPackageReference;
			repositoryURL = "https://github.com/onevcat/Kingfisher.git";
			requirement = {
				kind = upToNextMajorVersion;
				minimumVersion = 7.0.0;
			};
		};
		19943A052ABCD65800C084A1 /* XCRemoteSwiftPackageReference "firebase-ios-sdk" */ = {
			isa = XCRemoteSwiftPackageReference;
			repositoryURL = "https://github.com/firebase/firebase-ios-sdk";
			requirement = {
				kind = upToNextMajorVersion;
				minimumVersion = 10.0.0;
			};
		};
/* End XCRemoteSwiftPackageReference section */

/* Begin XCSwiftPackageProductDependency section */
		195E50C72AA1AD2B000FEBEB /* Kingfisher */ = {
			isa = XCSwiftPackageProductDependency;
			package = 195E50C62AA1AD2B000FEBEB /* XCRemoteSwiftPackageReference "Kingfisher" */;
			productName = Kingfisher;
		};
		19943A062ABCD65800C084A1 /* FirebaseAuth */ = {
			isa = XCSwiftPackageProductDependency;
			package = 19943A052ABCD65800C084A1 /* XCRemoteSwiftPackageReference "firebase-ios-sdk" */;
			productName = FirebaseAuth;
		};
		19943A082ABCD65800C084A1 /* FirebaseFirestore */ = {
			isa = XCSwiftPackageProductDependency;
			package = 19943A052ABCD65800C084A1 /* XCRemoteSwiftPackageReference "firebase-ios-sdk" */;
			productName = FirebaseFirestore;
		};
		19943A0A2ABCD65800C084A1 /* FirebaseFirestoreSwift */ = {
			isa = XCSwiftPackageProductDependency;
			package = 19943A052ABCD65800C084A1 /* XCRemoteSwiftPackageReference "firebase-ios-sdk" */;
			productName = FirebaseFirestoreSwift;
		};
		19943A0C2ABCD65800C084A1 /* FirebaseStorage */ = {
			isa = XCSwiftPackageProductDependency;
			package = 19943A052ABCD65800C084A1 /* XCRemoteSwiftPackageReference "firebase-ios-sdk" */;
			productName = FirebaseStorage;
		};
/* End XCSwiftPackageProductDependency section */
	};
	rootObject = 195E50A72A9FBF4B000FEBEB /* Project object */;
}
